
Microsoft Visual Studio Solution File, Format Version 12.00
# Visual Studio Version 16
VisualStudioVersion = 16.0.30011.22
MinimumVisualStudioVersion = 10.0.40219.1
Project("{FAE04EC0-301F-11D3-BF4B-00C04F79EFBC}") = "MatrixCalculator", "MatrixCalculator.csproj", "{A0B44898-89D5-4758-B336-135463DDCA6A}"
EndProject
Global
	GlobalSection(SolutionConfigurationPlatforms) = preSolution
		Debug|Any CPU = Debug|Any CPU
		Release|Any CPU = Release|Any CPU
	EndGlobalSection
	GlobalSection(ProjectConfigurationPlatforms) = postSolution
		{A0B44898-89D5-4758-B336-135463DDCA6A}.Debug|Any CPU.ActiveCfg = Debug|Any CPU
		{A0B44898-89D5-4758-B336-135463DDCA6A}.Debug|Any CPU.Build.0 = Debug|Any CPU
		{A0B44898-89D5-4758-B336-135463DDCA6A}.Release|Any CPU.ActiveCfg = Release|Any CPU
		{A0B44898-89D5-4758-B336-135463DDCA6A}.Release|Any CPU.Build.0 = Release|Any CPU
	EndGlobalSection
	GlobalSection(SolutionProperties) = preSolution
		HideSolutionNode = FALSE
	EndGlobalSection
	GlobalSection(ExtensibilityGlobals) = postSolution
		SolutionGuid = {3D576CA3-05C9-41C0-82B1-53D23BA6D4ED}
	EndGlobalSection
EndGlobal
